PODS:
  - AFNetworking (2.6.3):
    - AFNetworking/NSURLConnection (= 2.6.3)
    - AFNetworking/NSURLSession (= 2.6.3)
    - AFNetworking/Reachability (= 2.6.3)
    - AFNetworking/Security (= 2.6.3)
    - AFNetworking/Serialization (= 2.6.3)
    - AFNetworking/UIKit (= 2.6.3)
  - AFNetworking/NSURLConnection (2.6.3):
    - AFNetworking/Reachability
    - AFNetworking/Security
    - AFNetworking/Serialization
  - AFNetworking/NSURLSession (2.6.3):
    - AFNetworking/Reachability
    - AFNetworking/Security
    - AFNetworking/Serialization
  - AFNetworking/Reachability (2.6.3)
  - AFNetworking/Security (2.6.3)
  - AFNetworking/Serialization (2.6.3)
  - AFNetworking/UIKit (2.6.3):
    - AFNetworking/NSURLConnection
    - AFNetworking/NSURLSession
  - BFKit (1.8.0)
  - BlocksKit (2.2.5):
    - BlocksKit/All (= 2.2.5)
  - BlocksKit/All (2.2.5):
    - BlocksKit/Core
    - BlocksKit/DynamicDelegate
    - BlocksKit/MessageUI
    - BlocksKit/UIKit
  - BlocksKit/Core (2.2.5)
  - BlocksKit/DynamicDelegate (2.2.5)
  - BlocksKit/MessageUI (2.2.5):
    - BlocksKit/Core
    - BlocksKit/DynamicDelegate
  - BlocksKit/UIKit (2.2.5):
    - BlocksKit/Core
    - BlocksKit/DynamicDelegate
  - FMDB (2.6):
    - FMDB/standard (= 2.6)
  - FMDB/standard (2.6)
  - IQKeyboardManager (3.3.7)
  - Mantle (2.0.6):
    - Mantle/extobjc (= 2.0.6)
  - Mantle/extobjc (2.0.6)
  - MBProgressHUD (0.9.2)
  - MJRefresh (2.4.12)
  - QRCodeReaderViewController (4.0.1)

DEPENDENCIES:
  - AFNetworking (~> 2.6.1)
  - BFKit (~> 1.8.0)
  - BlocksKit (~> 2.2)
  - FMDB (~> 2.5)
  - IQKeyboardManager (~> 3.3)
  - Mantle (~> 2.0)
  - MBProgressHUD (~> 0.9.2)
  - MJRefresh (~> 2.4.12)
  - QRCodeReaderViewController (~> 4.0.1)

SPEC CHECKSUMS:
  AFNetworking: cb8d14a848e831097108418f5d49217339d4eb60
  BFKit: f9edb431d57bcd01568a5aebbfae2cd9976f03c2
  BlocksKit: 7f422b971407001178d181a43b99014ea2591fe6
  FMDB: c1968bab3ab0aed38f66cb778ae1e7fa9a652b6e
  IQKeyboardManager: 249c3946acf61345c18b038eb50863fe2793e3a8
  Mantle: 299966b00759634931699f69cb6a30b9239b944d
  MBProgressHUD: 1569cf7ace17a8bac47aabfbb8580a49690386d1
  MJRefresh: ca8e9589895977df32d379d46e6b8a5450b3ff44
  QRCodeReaderViewController: 6538745c8f4ffa9407a26bd7f9489ea01739e7b0

COCOAPODS: 0.39.0
