// !$*UTF8*$!
{
	archiveVersion = 1;
	classes = {
	};
	objectVersion = 46;
	objects = {

/* Begin PBXBuildFile section */
		C0C7B084981795EEF8E28DD8 /* libPods.a in Frameworks */ = {isa = PBXBuildFile; fileRef = 6933F8200E9C8C6B7A905D76 /* libPods.a */; };
		C30236121C5C5C5600684957 /* CBaseViewController.m in Sources */ = {isa = PBXBuildFile; fileRef = C30236111C5C5C5600684957 /* CBaseViewController.m */; };
		C30236281C5C5D0800684957 /* CAPIClient.m in Sources */ = {isa = PBXBuildFile; fileRef = C30236151C5C5D0800684957 /* CAPIClient.m */; };
		C30236291C5C5D0800684957 /* CDatabaseHelper.m in Sources */ = {isa = PBXBuildFile; fileRef = C30236171C5C5D0800684957 /* CDatabaseHelper.m */; };
		C302362A1C5C5D0800684957 /* CDataSource.m in Sources */ = {isa = PBXBuildFile; fileRef = C30236191C5C5D0800684957 /* CDataSource.m */; };
		C302362B1C5C5D0800684957 /* Configuration.m in Sources */ = {isa = PBXBuildFile; fileRef = C302361B1C5C5D0800684957 /* Configuration.m */; };
		C302362C1C5C5D0800684957 /* CPublicModule.m in Sources */ = {isa = PBXBuildFile; fileRef = C302361D1C5C5D0800684957 /* CPublicModule.m */; };
		C302362D1C5C5D0800684957 /* CWebService.m in Sources */ = {isa = PBXBuildFile; fileRef = C302361F1C5C5D0800684957 /* CWebService.m */; };
		C302362E1C5C5D0800684957 /* MBProgressHUD+UIView.m in Sources */ = {isa = PBXBuildFile; fileRef = C30236211C5C5D0800684957 /* MBProgressHUD+UIView.m */; };
		C302362F1C5C5D0800684957 /* NSString+AppPath.m in Sources */ = {isa = PBXBuildFile; fileRef = C30236231C5C5D0800684957 /* NSString+AppPath.m */; };
		C30236351C5C643F00684957 /* UIView+AutoLayout.m in Sources */ = {isa = PBXBuildFile; fileRef = C30236341C5C643F00684957 /* UIView+AutoLayout.m */; };
		C302363D1C5C670A00684957 /* GTMBase64.m in Sources */ = {isa = PBXBuildFile; fileRef = C302363B1C5C670A00684957 /* GTMBase64.m */; };
		C30236431C5CFF6C00684957 /* CLoginViewController.m in Sources */ = {isa = PBXBuildFile; fileRef = C30236411C5CFF6C00684957 /* CLoginViewController.m */; };
		C30236441C5CFF6C00684957 /* CLoginViewController.xib in Resources */ = {isa = PBXBuildFile; fileRef = C30236421C5CFF6C00684957 /* CLoginViewController.xib */; };
		C30236491C5CFFD000684957 /* CHomeViewController.m in Sources */ = {isa = PBXBuildFile; fileRef = C30236471C5CFFD000684957 /* CHomeViewController.m */; };
		C302364A1C5CFFD000684957 /* CHomeViewController.xib in Resources */ = {isa = PBXBuildFile; fileRef = C30236481C5CFFD000684957 /* CHomeViewController.xib */; };
		C302364D1C5D026800684957 /* CHeaderView.m in Sources */ = {isa = PBXBuildFile; fileRef = C302364C1C5D026800684957 /* CHeaderView.m */; };
		C30236561C5D147500684957 /* DSNavigationBar.m in Sources */ = {isa = PBXBuildFile; fileRef = C30236551C5D147500684957 /* DSNavigationBar.m */; };
		C3104A741C787AFF00115149 /* CSchoolModel.m in Sources */ = {isa = PBXBuildFile; fileRef = C3104A731C787AFF00115149 /* CSchoolModel.m */; };
		C3488B191C5A79860035776B /* main.m in Sources */ = {isa = PBXBuildFile; fileRef = C3488B181C5A79860035776B /* main.m */; };
		C3488B1C1C5A79860035776B /* AppDelegate.m in Sources */ = {isa = PBXBuildFile; fileRef = C3488B1B1C5A79860035776B /* AppDelegate.m */; };
		C3488B241C5A79860035776B /* Assets.xcassets in Resources */ = {isa = PBXBuildFile; fileRef = C3488B231C5A79860035776B /* Assets.xcassets */; };
		C3488B271C5A79860035776B /* LaunchScreen.storyboard in Resources */ = {isa = PBXBuildFile; fileRef = C3488B251C5A79860035776B /* LaunchScreen.storyboard */; };
		C3488B301C5A7BF70035776B /* Configuration.plist in Resources */ = {isa = PBXBuildFile; fileRef = C3488B2E1C5A7BF70035776B /* Configuration.plist */; };
		C3512D511C77797300153C6C /* CListPopoverView.m in Sources */ = {isa = PBXBuildFile; fileRef = C3512D501C77797300153C6C /* CListPopoverView.m */; };
		C38958E91C7D6EFC00EFB16E /* CStatusView.m in Sources */ = {isa = PBXBuildFile; fileRef = C38958E81C7D6EFC00EFB16E /* CStatusView.m */; };
		C3B7F95A1C74D2A100F95D8A /* CPopoverView.m in Sources */ = {isa = PBXBuildFile; fileRef = C3B7F9591C74D2A100F95D8A /* CPopoverView.m */; };
		C3C767A01C5F261900C8B83A /* CLoginViewCell.m in Sources */ = {isa = PBXBuildFile; fileRef = C3C7679F1C5F261900C8B83A /* CLoginViewCell.m */; };
		C3C767A21C5F2A0B00C8B83A /* CLoginViewCell.xib in Resources */ = {isa = PBXBuildFile; fileRef = C3C767A11C5F2A0B00C8B83A /* CLoginViewCell.xib */; };
		C3C83B2D1C7D9E3300BE269C /* CStatusView.xib in Resources */ = {isa = PBXBuildFile; fileRef = C3C83B2C1C7D9E3300BE269C /* CStatusView.xib */; };
		C3CA26F81C7A1AA500E6696E /* CBarCodeInventoryViewController.m in Sources */ = {isa = PBXBuildFile; fileRef = C3CA26F61C7A1AA500E6696E /* CBarCodeInventoryViewController.m */; };
		C3CA26F91C7A1AA500E6696E /* CBarCodeInventoryViewController.xib in Resources */ = {isa = PBXBuildFile; fileRef = C3CA26F71C7A1AA500E6696E /* CBarCodeInventoryViewController.xib */; };
		C3CA27021C7A1ACE00E6696E /* CCustomCodeInventoryViewController.m in Sources */ = {isa = PBXBuildFile; fileRef = C3CA27001C7A1ACE00E6696E /* CCustomCodeInventoryViewController.m */; };
		C3CA27031C7A1ACE00E6696E /* CCustomCodeInventoryViewController.xib in Resources */ = {isa = PBXBuildFile; fileRef = C3CA27011C7A1ACE00E6696E /* CCustomCodeInventoryViewController.xib */; };
		C3CA27071C7A1AE100E6696E /* CQRCodeInventoryViewController.m in Sources */ = {isa = PBXBuildFile; fileRef = C3CA27051C7A1AE100E6696E /* CQRCodeInventoryViewController.m */; };
		C3CA27081C7A1AE100E6696E /* CQRCodeInventoryViewController.xib in Resources */ = {isa = PBXBuildFile; fileRef = C3CA27061C7A1AE100E6696E /* CQRCodeInventoryViewController.xib */; };
		C3CA27201C7A215F00E6696E /* CCheckedRecordViewController.m in Sources */ = {isa = PBXBuildFile; fileRef = C3CA27161C7A215F00E6696E /* CCheckedRecordViewController.m */; };
		C3CA27211C7A215F00E6696E /* CCheckedRecordViewController.xib in Resources */ = {isa = PBXBuildFile; fileRef = C3CA27171C7A215F00E6696E /* CCheckedRecordViewController.xib */; };
		C3CA27221C7A215F00E6696E /* CSearchRecordViewController.m in Sources */ = {isa = PBXBuildFile; fileRef = C3CA271A1C7A215F00E6696E /* CSearchRecordViewController.m */; };
		C3CA27231C7A215F00E6696E /* CSearchRecordViewController.xib in Resources */ = {isa = PBXBuildFile; fileRef = C3CA271B1C7A215F00E6696E /* CSearchRecordViewController.xib */; };
		C3CA27241C7A215F00E6696E /* CUnCheckedRecordViewController.m in Sources */ = {isa = PBXBuildFile; fileRef = C3CA271E1C7A215F00E6696E /* CUnCheckedRecordViewController.m */; };
		C3CA27251C7A215F00E6696E /* CUnCheckedRecordViewController.xib in Resources */ = {isa = PBXBuildFile; fileRef = C3CA271F1C7A215F00E6696E /* CUnCheckedRecordViewController.xib */; };
		C3CA27291C7A218400E6696E /* CRecordTableViewCell.m in Sources */ = {isa = PBXBuildFile; fileRef = C3CA27271C7A218400E6696E /* CRecordTableViewCell.m */; };
		C3CA272A1C7A218400E6696E /* CRecordTableViewCell.xib in Resources */ = {isa = PBXBuildFile; fileRef = C3CA27281C7A218400E6696E /* CRecordTableViewCell.xib */; };
		C3F9E8AD1C7AE10E00506E18 /* CLoginModel.m in Sources */ = {isa = PBXBuildFile; fileRef = C3F9E8AC1C7AE10E00506E18 /* CLoginModel.m */; };
		C3F9E8BB1C7CB80000506E18 /* CHomeViewCollectionViewCell.m in Sources */ = {isa = PBXBuildFile; fileRef = C3F9E8B91C7CB80000506E18 /* CHomeViewCollectionViewCell.m */; };
		C3F9E8BC1C7CB80000506E18 /* CHomeViewCollectionViewCell.xib in Resources */ = {isa = PBXBuildFile; fileRef = C3F9E8BA1C7CB80000506E18 /* CHomeViewCollectionViewCell.xib */; };
/* End PBXBuildFile section */

/* Begin PBXFileReference section */
		6933F8200E9C8C6B7A905D76 /* libPods.a */ = {isa = PBXFileReference; explicitFileType = archive.ar; includeInIndex = 0; path = libPods.a; sourceTree = BUILT_PRODUCTS_DIR; };
		924353E11A146405C452E6C8 /* Pods.release.xcconfig */ = {isa = PBXFileReference; includeInIndex = 1; lastKnownFileType = text.xcconfig; name = Pods.release.xcconfig; path = "Pods/Target Support Files/Pods/Pods.release.xcconfig"; sourceTree = "<group>"; };
		C30236101C5C5C5600684957 /* CBaseViewController.h */ = {isa = PBXFileReference; fileEncoding = 4; lastKnownFileType = sourcecode.c.h; path = CBaseViewController.h; sourceTree = "<group>"; };
		C30236111C5C5C5600684957 /* CBaseViewController.m */ = {isa = PBXFileReference; fileEncoding = 4; lastKnownFileType = sourcecode.c.objc; path = CBaseViewController.m; sourceTree = "<group>"; };
		C30236141C5C5D0800684957 /* CAPIClient.h */ = {isa = PBXFileReference; fileEncoding = 4; lastKnownFileType = sourcecode.c.h; path = CAPIClient.h; sourceTree = "<group>"; };
		C30236151C5C5D0800684957 /* CAPIClient.m */ = {isa = PBXFileReference; fileEncoding = 4; lastKnownFileType = sourcecode.c.objc; path = CAPIClient.m; sourceTree = "<group>"; };
		C30236161C5C5D0800684957 /* CDatabaseHelper.h */ = {isa = PBXFileReference; fileEncoding = 4; lastKnownFileType = sourcecode.c.h; path = CDatabaseHelper.h; sourceTree = "<group>"; };
		C30236171C5C5D0800684957 /* CDatabaseHelper.m */ = {isa = PBXFileReference; fileEncoding = 4; lastKnownFileType = sourcecode.c.objc; path = CDatabaseHelper.m; sourceTree = "<group>"; };
		C30236181C5C5D0800684957 /* CDataSource.h */ = {isa = PBXFileReference; fileEncoding = 4; lastKnownFileType = sourcecode.c.h; path = CDataSource.h; sourceTree = "<group>"; };
		C30236191C5C5D0800684957 /* CDataSource.m */ = {isa = PBXFileReference; fileEncoding = 4; lastKnownFileType = sourcecode.c.objc; path = CDataSource.m; sourceTree = "<group>"; };
		C302361A1C5C5D0800684957 /* Configuration.h */ = {isa = PBXFileReference; fileEncoding = 4; lastKnownFileType = sourcecode.c.h; path = Configuration.h; sourceTree = "<group>"; };
		C302361B1C5C5D0800684957 /* Configuration.m */ = {isa = PBXFileReference; fileEncoding = 4; lastKnownFileType = sourcecode.c.objc; path = Configuration.m; sourceTree = "<group>"; };
		C302361C1C5C5D0800684957 /* CPublicModule.h */ = {isa = PBXFileReference; fileEncoding = 4; lastKnownFileType = sourcecode.c.h; path = CPublicModule.h; sourceTree = "<group>"; };
		C302361D1C5C5D0800684957 /* CPublicModule.m */ = {isa = PBXFileReference; fileEncoding = 4; lastKnownFileType = sourcecode.c.objc; path = CPublicModule.m; sourceTree = "<group>"; };
		C302361E1C5C5D0800684957 /* CWebService.h */ = {isa = PBXFileReference; fileEncoding = 4; lastKnownFileType = sourcecode.c.h; path = CWebService.h; sourceTree = "<group>"; };
		C302361F1C5C5D0800684957 /* CWebService.m */ = {isa = PBXFileReference; fileEncoding = 4; lastKnownFileType = sourcecode.c.objc; path = CWebService.m; sourceTree = "<group>"; };
		C30236201C5C5D0800684957 /* MBProgressHUD+UIView.h */ = {isa = PBXFileReference; fileEncoding = 4; lastKnownFileType = sourcecode.c.h; path = "MBProgressHUD+UIView.h"; sourceTree = "<group>"; };
		C30236211C5C5D0800684957 /* MBProgressHUD+UIView.m */ = {isa = PBXFileReference; fileEncoding = 4; lastKnownFileType = sourcecode.c.objc; path = "MBProgressHUD+UIView.m"; sourceTree = "<group>"; };
		C30236221C5C5D0800684957 /* NSString+AppPath.h */ = {isa = PBXFileReference; fileEncoding = 4; lastKnownFileType = sourcecode.c.h; path = "NSString+AppPath.h"; sourceTree = "<group>"; };
		C30236231C5C5D0800684957 /* NSString+AppPath.m */ = {isa = PBXFileReference; fileEncoding = 4; lastKnownFileType = sourcecode.c.objc; path = "NSString+AppPath.m"; sourceTree = "<group>"; };
		C30236331C5C643F00684957 /* UIView+AutoLayout.h */ = {isa = PBXFileReference; fileEncoding = 4; lastKnownFileType = sourcecode.c.h; path = "UIView+AutoLayout.h"; sourceTree = "<group>"; };
		C30236341C5C643F00684957 /* UIView+AutoLayout.m */ = {isa = PBXFileReference; fileEncoding = 4; lastKnownFileType = sourcecode.c.objc; path = "UIView+AutoLayout.m"; sourceTree = "<group>"; };
		C302363A1C5C670A00684957 /* GTMBase64.h */ = {isa = PBXFileReference; fileEncoding = 4; lastKnownFileType = sourcecode.c.h; path = GTMBase64.h; sourceTree = "<group>"; };
		C302363B1C5C670A00684957 /* GTMBase64.m */ = {isa = PBXFileReference; fileEncoding = 4; lastKnownFileType = sourcecode.c.objc; path = GTMBase64.m; sourceTree = "<group>"; };
		C302363C1C5C670A00684957 /* GTMDefines.h */ = {isa = PBXFileReference; fileEncoding = 4; lastKnownFileType = sourcecode.c.h; path = GTMDefines.h; sourceTree = "<group>"; };
		C30236401C5CFF6C00684957 /* CLoginViewController.h */ = {isa = PBXFileReference; fileEncoding = 4; lastKnownFileType = sourcecode.c.h; path = CLoginViewController.h; sourceTree = "<group>"; };
		C30236411C5CFF6C00684957 /* CLoginViewController.m */ = {isa = PBXFileReference; fileEncoding = 4; lastKnownFileType = sourcecode.c.objc; path = CLoginViewController.m; sourceTree = "<group>"; };
		C30236421C5CFF6C00684957 /* CLoginViewController.xib */ = {isa = PBXFileReference; fileEncoding = 4; lastKnownFileType = file.xib; path = CLoginViewController.xib; sourceTree = "<group>"; };
		C30236461C5CFFD000684957 /* CHomeViewController.h */ = {isa = PBXFileReference; fileEncoding = 4; lastKnownFileType = sourcecode.c.h; path = CHomeViewController.h; sourceTree = "<group>"; };
		C30236471C5CFFD000684957 /* CHomeViewController.m */ = {isa = PBXFileReference; fileEncoding = 4; lastKnownFileType = sourcecode.c.objc; path = CHomeViewController.m; sourceTree = "<group>"; };
		C30236481C5CFFD000684957 /* CHomeViewController.xib */ = {isa = PBXFileReference; fileEncoding = 4; lastKnownFileType = file.xib; path = CHomeViewController.xib; sourceTree = "<group>"; };
		C302364B1C5D026800684957 /* CHeaderView.h */ = {isa = PBXFileReference; fileEncoding = 4; lastKnownFileType = sourcecode.c.h; path = CHeaderView.h; sourceTree = "<group>"; };
		C302364C1C5D026800684957 /* CHeaderView.m */ = {isa = PBXFileReference; fileEncoding = 4; lastKnownFileType = sourcecode.c.objc; path = CHeaderView.m; sourceTree = "<group>"; };
		C30236541C5D147500684957 /* DSNavigationBar.h */ = {isa = PBXFileReference; fileEncoding = 4; lastKnownFileType = sourcecode.c.h; path = DSNavigationBar.h; sourceTree = "<group>"; };
		C30236551C5D147500684957 /* DSNavigationBar.m */ = {isa = PBXFileReference; fileEncoding = 4; lastKnownFileType = sourcecode.c.objc; path = DSNavigationBar.m; sourceTree = "<group>"; };
		C3104A721C787AFF00115149 /* CSchoolModel.h */ = {isa = PBXFileReference; fileEncoding = 4; lastKnownFileType = sourcecode.c.h; path = CSchoolModel.h; sourceTree = "<group>"; };
		C3104A731C787AFF00115149 /* CSchoolModel.m */ = {isa = PBXFileReference; fileEncoding = 4; lastKnownFileType = sourcecode.c.objc; path = CSchoolModel.m; sourceTree = "<group>"; };
		C3488B141C5A79860035776B /* QRCode.app */ = {isa = PBXFileReference; explicitFileType = wrapper.application; includeInIndex = 0; path = QRCode.app; sourceTree = BUILT_PRODUCTS_DIR; };
		C3488B181C5A79860035776B /* main.m */ = {isa = PBXFileReference; lastKnownFileType = sourcecode.c.objc; path = main.m; sourceTree = "<group>"; };
		C3488B1A1C5A79860035776B /* AppDelegate.h */ = {isa = PBXFileReference; lastKnownFileType = sourcecode.c.h; path = AppDelegate.h; sourceTree = "<group>"; };
		C3488B1B1C5A79860035776B /* AppDelegate.m */ = {isa = PBXFileReference; lastKnownFileType = sourcecode.c.objc; path = AppDelegate.m; sourceTree = "<group>"; };
		C3488B231C5A79860035776B /* Assets.xcassets */ = {isa = PBXFileReference; lastKnownFileType = folder.assetcatalog; path = Assets.xcassets; sourceTree = "<group>"; };
		C3488B261C5A79860035776B /* Base */ = {isa = PBXFileReference; lastKnownFileType = file.storyboard; name = Base; path = Base.lproj/LaunchScreen.storyboard; sourceTree = "<group>"; };
		C3488B281C5A79860035776B /* Info.plist */ = {isa = PBXFileReference; lastKnownFileType = text.plist.xml; path = Info.plist; sourceTree = "<group>"; };
		C3488B2E1C5A7BF70035776B /* Configuration.plist */ = {isa = PBXFileReference; fileEncoding = 4; lastKnownFileType = text.plist.xml; path = Configuration.plist; sourceTree = "<group>"; };
		C3488B2F1C5A7BF70035776B /* QRCode-Prefix.pch */ = {isa = PBXFileReference; fileEncoding = 4; lastKnownFileType = sourcecode.c.h; path = "QRCode-Prefix.pch"; sourceTree = "<group>"; };
		C3512D4F1C77797300153C6C /* CListPopoverView.h */ = {isa = PBXFileReference; fileEncoding = 4; lastKnownFileType = sourcecode.c.h; path = CListPopoverView.h; sourceTree = "<group>"; };
		C3512D501C77797300153C6C /* CListPopoverView.m */ = {isa = PBXFileReference; fileEncoding = 4; lastKnownFileType = sourcecode.c.objc; path = CListPopoverView.m; sourceTree = "<group>"; };
		C38958E71C7D6EFC00EFB16E /* CStatusView.h */ = {isa = PBXFileReference; fileEncoding = 4; lastKnownFileType = sourcecode.c.h; path = CStatusView.h; sourceTree = "<group>"; };
		C38958E81C7D6EFC00EFB16E /* CStatusView.m */ = {isa = PBXFileReference; fileEncoding = 4; lastKnownFileType = sourcecode.c.objc; path = CStatusView.m; sourceTree = "<group>"; };
		C3B7F9581C74D2A100F95D8A /* CPopoverView.h */ = {isa = PBXFileReference; fileEncoding = 4; lastKnownFileType = sourcecode.c.h; path = CPopoverView.h; sourceTree = "<group>"; };
		C3B7F9591C74D2A100F95D8A /* CPopoverView.m */ = {isa = PBXFileReference; fileEncoding = 4; lastKnownFileType = sourcecode.c.objc; path = CPopoverView.m; sourceTree = "<group>"; };
		C3C7679E1C5F261900C8B83A /* CLoginViewCell.h */ = {isa = PBXFileReference; fileEncoding = 4; lastKnownFileType = sourcecode.c.h; path = CLoginViewCell.h; sourceTree = "<group>"; };
		C3C7679F1C5F261900C8B83A /* CLoginViewCell.m */ = {isa = PBXFileReference; fileEncoding = 4; lastKnownFileType = sourcecode.c.objc; path = CLoginViewCell.m; sourceTree = "<group>"; };
		C3C767A11C5F2A0B00C8B83A /* CLoginViewCell.xib */ = {isa = PBXFileReference; fileEncoding = 4; lastKnownFileType = file.xib; path = CLoginViewCell.xib; sourceTree = "<group>"; };
		C3C83B2C1C7D9E3300BE269C /* CStatusView.xib */ = {isa = PBXFileReference; fileEncoding = 4; lastKnownFileType = file.xib; path = CStatusView.xib; sourceTree = "<group>"; };
		C3CA26F51C7A1AA500E6696E /* CBarCodeInventoryViewController.h */ = {isa = PBXFileReference; fileEncoding = 4; lastKnownFileType = sourcecode.c.h; path = CBarCodeInventoryViewController.h; sourceTree = "<group>"; };
		C3CA26F61C7A1AA500E6696E /* CBarCodeInventoryViewController.m */ = {isa = PBXFileReference; fileEncoding = 4; lastKnownFileType = sourcecode.c.objc; path = CBarCodeInventoryViewController.m; sourceTree = "<group>"; };
		C3CA26F71C7A1AA500E6696E /* CBarCodeInventoryViewController.xib */ = {isa = PBXFileReference; fileEncoding = 4; lastKnownFileType = file.xib; path = CBarCodeInventoryViewController.xib; sourceTree = "<group>"; };
		C3CA26FF1C7A1ACE00E6696E /* CCustomCodeInventoryViewController.h */ = {isa = PBXFileReference; fileEncoding = 4; lastKnownFileType = sourcecode.c.h; path = CCustomCodeInventoryViewController.h; sourceTree = "<group>"; };
		C3CA27001C7A1ACE00E6696E /* CCustomCodeInventoryViewController.m */ = {isa = PBXFileReference; fileEncoding = 4; lastKnownFileType = sourcecode.c.objc; path = CCustomCodeInventoryViewController.m; sourceTree = "<group>"; };
		C3CA27011C7A1ACE00E6696E /* CCustomCodeInventoryViewController.xib */ = {isa = PBXFileReference; fileEncoding = 4; lastKnownFileType = file.xib; path = CCustomCodeInventoryViewController.xib; sourceTree = "<group>"; };
		C3CA27041C7A1AE100E6696E /* CQRCodeInventoryViewController.h */ = {isa = PBXFileReference; fileEncoding = 4; lastKnownFileType = sourcecode.c.h; path = CQRCodeInventoryViewController.h; sourceTree = "<group>"; };
		C3CA27051C7A1AE100E6696E /* CQRCodeInventoryViewController.m */ = {isa = PBXFileReference; fileEncoding = 4; lastKnownFileType = sourcecode.c.objc; path = CQRCodeInventoryViewController.m; sourceTree = "<group>"; };
		C3CA27061C7A1AE100E6696E /* CQRCodeInventoryViewController.xib */ = {isa = PBXFileReference; fileEncoding = 4; lastKnownFileType = file.xib; path = CQRCodeInventoryViewController.xib; sourceTree = "<group>"; };
		C3CA27151C7A215F00E6696E /* CCheckedRecordViewController.h */ = {isa = PBXFileReference; fileEncoding = 4; lastKnownFileType = sourcecode.c.h; path = CCheckedRecordViewController.h; sourceTree = "<group>"; };
		C3CA27161C7A215F00E6696E /* CCheckedRecordViewController.m */ = {isa = PBXFileReference; fileEncoding = 4; lastKnownFileType = sourcecode.c.objc; path = CCheckedRecordViewController.m; sourceTree = "<group>"; };
		C3CA27171C7A215F00E6696E /* CCheckedRecordViewController.xib */ = {isa = PBXFileReference; fileEncoding = 4; lastKnownFileType = file.xib; path = CCheckedRecordViewController.xib; sourceTree = "<group>"; };
		C3CA27191C7A215F00E6696E /* CSearchRecordViewController.h */ = {isa = PBXFileReference; fileEncoding = 4; lastKnownFileType = sourcecode.c.h; path = CSearchRecordViewController.h; sourceTree = "<group>"; };
		C3CA271A1C7A215F00E6696E /* CSearchRecordViewController.m */ = {isa = PBXFileReference; fileEncoding = 4; lastKnownFileType = sourcecode.c.objc; path = CSearchRecordViewController.m; sourceTree = "<group>"; };
		C3CA271B1C7A215F00E6696E /* CSearchRecordViewController.xib */ = {isa = PBXFileReference; fileEncoding = 4; lastKnownFileType = file.xib; path = CSearchRecordViewController.xib; sourceTree = "<group>"; };
		C3CA271D1C7A215F00E6696E /* CUnCheckedRecordViewController.h */ = {isa = PBXFileReference; fileEncoding = 4; lastKnownFileType = sourcecode.c.h; path = CUnCheckedRecordViewController.h; sourceTree = "<group>"; };
		C3CA271E1C7A215F00E6696E /* CUnCheckedRecordViewController.m */ = {isa = PBXFileReference; fileEncoding = 4; lastKnownFileType = sourcecode.c.objc; path = CUnCheckedRecordViewController.m; sourceTree = "<group>"; };
		C3CA271F1C7A215F00E6696E /* CUnCheckedRecordViewController.xib */ = {isa = PBXFileReference; fileEncoding = 4; lastKnownFileType = file.xib; path = CUnCheckedRecordViewController.xib; sourceTree = "<group>"; };
		C3CA27261C7A218400E6696E /* CRecordTableViewCell.h */ = {isa = PBXFileReference; fileEncoding = 4; lastKnownFileType = sourcecode.c.h; path = CRecordTableViewCell.h; sourceTree = "<group>"; };
		C3CA27271C7A218400E6696E /* CRecordTableViewCell.m */ = {isa = PBXFileReference; fileEncoding = 4; lastKnownFileType = sourcecode.c.objc; path = CRecordTableViewCell.m; sourceTree = "<group>"; };
		C3CA27281C7A218400E6696E /* CRecordTableViewCell.xib */ = {isa = PBXFileReference; fileEncoding = 4; lastKnownFileType = file.xib; path = CRecordTableViewCell.xib; sourceTree = "<group>"; };
		C3F9E8AB1C7AE10E00506E18 /* CLoginModel.h */ = {isa = PBXFileReference; fileEncoding = 4; lastKnownFileType = sourcecode.c.h; path = CLoginModel.h; sourceTree = "<group>"; };
		C3F9E8AC1C7AE10E00506E18 /* CLoginModel.m */ = {isa = PBXFileReference; fileEncoding = 4; lastKnownFileType = sourcecode.c.objc; path = CLoginModel.m; sourceTree = "<group>"; };
		C3F9E8B81C7CB80000506E18 /* CHomeViewCollectionViewCell.h */ = {isa = PBXFileReference; fileEncoding = 4; lastKnownFileType = sourcecode.c.h; path = CHomeViewCollectionViewCell.h; sourceTree = "<group>"; };
		C3F9E8B91C7CB80000506E18 /* CHomeViewCollectionViewCell.m */ = {isa = PBXFileReference; fileEncoding = 4; lastKnownFileType = sourcecode.c.objc; path = CHomeViewCollectionViewCell.m; sourceTree = "<group>"; };
		C3F9E8BA1C7CB80000506E18 /* CHomeViewCollectionViewCell.xib */ = {isa = PBXFileReference; fileEncoding = 4; lastKnownFileType = file.xib; path = CHomeViewCollectionViewCell.xib; sourceTree = "<group>"; };
		F21582C66C4A32303EB79BE6 /* Pods.debug.xcconfig */ = {isa = PBXFileReference; includeInIndex = 1; lastKnownFileType = text.xcconfig; name = Pods.debug.xcconfig; path = "Pods/Target Support Files/Pods/Pods.debug.xcconfig"; sourceTree = "<group>"; };
/* End PBXFileReference section */

/* Begin PBXFrameworksBuildPhase section */
		C3488B111C5A79860035776B /* Frameworks */ = {
			isa = PBXFrameworksBuildPhase;
			buildActionMask = 2147483647;
			files = (
				C0C7B084981795EEF8E28DD8 /* libPods.a in Frameworks */,
			);
			runOnlyForDeploymentPostprocessing = 0;
		};
/* End PBXFrameworksBuildPhase section */

/* Begin PBXGroup section */
		7AD77B2BDCA8846B198D16BA /* Pods */ = {
			isa = PBXGroup;
			children = (
				F21582C66C4A32303EB79BE6 /* Pods.debug.xcconfig */,
				924353E11A146405C452E6C8 /* Pods.release.xcconfig */,
			);
			name = Pods;
			sourceTree = "<group>";
		};
		BB28D126ABE2502BD43E4278 /* Frameworks */ = {
			isa = PBXGroup;
			children = (
				6933F8200E9C8C6B7A905D76 /* libPods.a */,
			);
			name = Frameworks;
			sourceTree = "<group>";
		};
		C30236131C5C5D0800684957 /* Common */ = {
			isa = PBXGroup;
			children = (
				C30236141C5C5D0800684957 /* CAPIClient.h */,
				C30236151C5C5D0800684957 /* CAPIClient.m */,
				C30236161C5C5D0800684957 /* CDatabaseHelper.h */,
				C30236171C5C5D0800684957 /* CDatabaseHelper.m */,
				C30236181C5C5D0800684957 /* CDataSource.h */,
				C30236191C5C5D0800684957 /* CDataSource.m */,
				C302361A1C5C5D0800684957 /* Configuration.h */,
				C302361B1C5C5D0800684957 /* Configuration.m */,
				C302361C1C5C5D0800684957 /* CPublicModule.h */,
				C302361D1C5C5D0800684957 /* CPublicModule.m */,
				C302361E1C5C5D0800684957 /* CWebService.h */,
				C302361F1C5C5D0800684957 /* CWebService.m */,
				C30236201C5C5D0800684957 /* MBProgressHUD+UIView.h */,
				C30236211C5C5D0800684957 /* MBProgressHUD+UIView.m */,
				C30236221C5C5D0800684957 /* NSString+AppPath.h */,
				C30236231C5C5D0800684957 /* NSString+AppPath.m */,
			);
			path = Common;
			sourceTree = "<group>";
		};
		C30236321C5C643F00684957 /* UIViewAutolayout */ = {
			isa = PBXGroup;
			children = (
				C30236331C5C643F00684957 /* UIView+AutoLayout.h */,
				C30236341C5C643F00684957 /* UIView+AutoLayout.m */,
			);
			path = UIViewAutolayout;
			sourceTree = "<group>";
		};
		C30236391C5C670A00684957 /* GTMBase64 */ = {
			isa = PBXGroup;
			children = (
				C302363A1C5C670A00684957 /* GTMBase64.h */,
				C302363B1C5C670A00684957 /* GTMBase64.m */,
				C302363C1C5C670A00684957 /* GTMDefines.h */,
			);
			path = GTMBase64;
			sourceTree = "<group>";
		};
		C30236451C5CFFB700684957 /* Home */ = {
			isa = PBXGroup;
			children = (
				C30236461C5CFFD000684957 /* CHomeViewController.h */,
				C30236471C5CFFD000684957 /* CHomeViewController.m */,
				C30236481C5CFFD000684957 /* CHomeViewController.xib */,
				C302364B1C5D026800684957 /* CHeaderView.h */,
				C302364C1C5D026800684957 /* CHeaderView.m */,
				C3F9E8B81C7CB80000506E18 /* CHomeViewCollectionViewCell.h */,
				C3F9E8B91C7CB80000506E18 /* CHomeViewCollectionViewCell.m */,
				C3F9E8BA1C7CB80000506E18 /* CHomeViewCollectionViewCell.xib */,
			);
			path = Home;
			sourceTree = "<group>";
		};
		C30236531C5D147500684957 /* DSNavigationBar */ = {
			isa = PBXGroup;
			children = (
				C30236541C5D147500684957 /* DSNavigationBar.h */,
				C30236551C5D147500684957 /* DSNavigationBar.m */,
			);
			path = DSNavigationBar;
			sourceTree = "<group>";
		};
		C3488B0B1C5A79860035776B = {
			isa = PBXGroup;
			children = (
				C3488B161C5A79860035776B /* QRCode */,
				C3488B151C5A79860035776B /* Products */,
				7AD77B2BDCA8846B198D16BA /* Pods */,
				BB28D126ABE2502BD43E4278 /* Frameworks */,
			);
			sourceTree = "<group>";
		};
		C3488B151C5A79860035776B /* Products */ = {
			isa = PBXGroup;
			children = (
				C3488B141C5A79860035776B /* QRCode.app */,
			);
			name = Products;
			sourceTree = "<group>";
		};
		C3488B161C5A79860035776B /* QRCode */ = {
			isa = PBXGroup;
			children = (
				C3488B311C5A7C8F0035776B /* Classes */,
				C3488B331C5A7C8F0035776B /* Models */,
				C30236131C5C5D0800684957 /* Common */,
				C3488B341C5A7C8F0035776B /* Resource */,
				C3488B351C5A7C8F0035776B /* ThirdParty */,
				C3488B1A1C5A79860035776B /* AppDelegate.h */,
				C3488B1B1C5A79860035776B /* AppDelegate.m */,
				C3488B231C5A79860035776B /* Assets.xcassets */,
				C3488B251C5A79860035776B /* LaunchScreen.storyboard */,
				C3488B281C5A79860035776B /* Info.plist */,
				C3488B171C5A79860035776B /* Supporting Files */,
			);
			path = QRCode;
			sourceTree = "<group>";
		};
		C3488B171C5A79860035776B /* Supporting Files */ = {
			isa = PBXGroup;
			children = (
				C3488B2E1C5A7BF70035776B /* Configuration.plist */,
				C3488B2F1C5A7BF70035776B /* QRCode-Prefix.pch */,
				C3488B181C5A79860035776B /* main.m */,
			);
			name = "Supporting Files";
			sourceTree = "<group>";
		};
		C3488B311C5A7C8F0035776B /* Classes */ = {
			isa = PBXGroup;
			children = (
				C3CA27131C7A215F00E6696E /* InventoryRecord */,
				C3CA26EF1C7A1A8100E6696E /* BarCodeInventory */,
				C3CA26F11C7A1A8100E6696E /* CustomCodeInventory */,
				C3CA26F21C7A1A8100E6696E /* QRCodeInventory */,
				C30236101C5C5C5600684957 /* CBaseViewController.h */,
				C30236111C5C5C5600684957 /* CBaseViewController.m */,
				C3488B321C5A7C8F0035776B /* Login */,
				C30236451C5CFFB700684957 /* Home */,
			);
			path = Classes;
			sourceTree = "<group>";
		};
		C3488B321C5A7C8F0035776B /* Login */ = {
			isa = PBXGroup;
			children = (
				C30236401C5CFF6C00684957 /* CLoginViewController.h */,
				C30236411C5CFF6C00684957 /* CLoginViewController.m */,
				C30236421C5CFF6C00684957 /* CLoginViewController.xib */,
				C3C7679E1C5F261900C8B83A /* CLoginViewCell.h */,
				C3C7679F1C5F261900C8B83A /* CLoginViewCell.m */,
				C3C767A11C5F2A0B00C8B83A /* CLoginViewCell.xib */,
				C3512D4F1C77797300153C6C /* CListPopoverView.h */,
				C3512D501C77797300153C6C /* CListPopoverView.m */,
			);
			path = Login;
			sourceTree = "<group>";
		};
		C3488B331C5A7C8F0035776B /* Models */ = {
			isa = PBXGroup;
			children = (
				C3104A721C787AFF00115149 /* CSchoolModel.h */,
				C3104A731C787AFF00115149 /* CSchoolModel.m */,
				C3F9E8AB1C7AE10E00506E18 /* CLoginModel.h */,
				C3F9E8AC1C7AE10E00506E18 /* CLoginModel.m */,
			);
			path = Models;
			sourceTree = "<group>";
		};
		C3488B341C5A7C8F0035776B /* Resource */ = {
			isa = PBXGroup;
			children = (
			);
			path = Resource;
			sourceTree = "<group>";
		};
		C3488B351C5A7C8F0035776B /* ThirdParty */ = {
			isa = PBXGroup;
			children = (
				C3B7F9571C74D2A100F95D8A /* CPopoverView */,
				C30236531C5D147500684957 /* DSNavigationBar */,
				C30236391C5C670A00684957 /* GTMBase64 */,
				C30236321C5C643F00684957 /* UIViewAutolayout */,
			);
			path = ThirdParty;
			sourceTree = "<group>";
		};
		C3B7F9571C74D2A100F95D8A /* CPopoverView */ = {
			isa = PBXGroup;
			children = (
				C3B7F9581C74D2A100F95D8A /* CPopoverView.h */,
				C3B7F9591C74D2A100F95D8A /* CPopoverView.m */,
			);
			path = CPopoverView;
			sourceTree = "<group>";
		};
		C3CA26EF1C7A1A8100E6696E /* BarCodeInventory */ = {
			isa = PBXGroup;
			children = (
				C3CA26F51C7A1AA500E6696E /* CBarCodeInventoryViewController.h */,
				C3CA26F61C7A1AA500E6696E /* CBarCodeInventoryViewController.m */,
				C3CA26F71C7A1AA500E6696E /* CBarCodeInventoryViewController.xib */,
			);
			path = BarCodeInventory;
			sourceTree = "<group>";
		};
		C3CA26F11C7A1A8100E6696E /* CustomCodeInventory */ = {
			isa = PBXGroup;
			children = (
				C3CA26FF1C7A1ACE00E6696E /* CCustomCodeInventoryViewController.h */,
				C3CA27001C7A1ACE00E6696E /* CCustomCodeInventoryViewController.m */,
				C3CA27011C7A1ACE00E6696E /* CCustomCodeInventoryViewController.xib */,
			);
			path = CustomCodeInventory;
			sourceTree = "<group>";
		};
		C3CA26F21C7A1A8100E6696E /* QRCodeInventory */ = {
			isa = PBXGroup;
			children = (
				C3CA27041C7A1AE100E6696E /* CQRCodeInventoryViewController.h */,
				C3CA27051C7A1AE100E6696E /* CQRCodeInventoryViewController.m */,
				C3CA27061C7A1AE100E6696E /* CQRCodeInventoryViewController.xib */,
			);
			path = QRCodeInventory;
			sourceTree = "<group>";
		};
		C3CA27131C7A215F00E6696E /* InventoryRecord */ = {
			isa = PBXGroup;
			children = (
				C3CA27141C7A215F00E6696E /* CheckedRecord */,
				C3CA27181C7A215F00E6696E /* SearchRecord */,
				C3CA271C1C7A215F00E6696E /* UnCheckedRecord */,
				C3CA27261C7A218400E6696E /* CRecordTableViewCell.h */,
				C3CA27271C7A218400E6696E /* CRecordTableViewCell.m */,
				C3CA27281C7A218400E6696E /* CRecordTableViewCell.xib */,
				C38958E71C7D6EFC00EFB16E /* CStatusView.h */,
				C38958E81C7D6EFC00EFB16E /* CStatusView.m */,
				C3C83B2C1C7D9E3300BE269C /* CStatusView.xib */,
			);
			path = InventoryRecord;
			sourceTree = "<group>";
		};
		C3CA27141C7A215F00E6696E /* CheckedRecord */ = {
			isa = PBXGroup;
			children = (
				C3CA27151C7A215F00E6696E /* CCheckedRecordViewController.h */,
				C3CA27161C7A215F00E6696E /* CCheckedRecordViewController.m */,
				C3CA27171C7A215F00E6696E /* CCheckedRecordViewController.xib */,
			);
			path = CheckedRecord;
			sourceTree = "<group>";
		};
		C3CA27181C7A215F00E6696E /* SearchRecord */ = {
			isa = PBXGroup;
			children = (
				C3CA27191C7A215F00E6696E /* CSearchRecordViewController.h */,
				C3CA271A1C7A215F00E6696E /* CSearchRecordViewController.m */,
				C3CA271B1C7A215F00E6696E /* CSearchRecordViewController.xib */,
			);
			path = SearchRecord;
			sourceTree = "<group>";
		};
		C3CA271C1C7A215F00E6696E /* UnCheckedRecord */ = {
			isa = PBXGroup;
			children = (
				C3CA271D1C7A215F00E6696E /* CUnCheckedRecordViewController.h */,
				C3CA271E1C7A215F00E6696E /* CUnCheckedRecordViewController.m */,
				C3CA271F1C7A215F00E6696E /* CUnCheckedRecordViewController.xib */,
			);
			path = UnCheckedRecord;
			sourceTree = "<group>";
		};
/* End PBXGroup section */

/* Begin PBXNativeTarget section */
		C3488B131C5A79860035776B /* QRCode */ = {
			isa = PBXNativeTarget;
			buildConfigurationList = C3488B2B1C5A79860035776B /* Build configuration list for PBXNativeTarget "QRCode" */;
			buildPhases = (
				6739B2BDE24E98A372A17F80 /* Check Pods Manifest.lock */,
				C3488B101C5A79860035776B /* Sources */,
				C3488B111C5A79860035776B /* Frameworks */,
				C3488B121C5A79860035776B /* Resources */,
				3A5742A5B9FD5065E8FFC51A /* Embed Pods Frameworks */,
				15A278029A20624003B895EA /* Copy Pods Resources */,
			);
			buildRules = (
			);
			dependencies = (
			);
			name = QRCode;
			productName = QRCode;
			productReference = C3488B141C5A79860035776B /* QRCode.app */;
			productType = "com.apple.product-type.application";
		};
/* End PBXNativeTarget section */

/* Begin PBXProject section */
		C3488B0C1C5A79860035776B /* Project object */ = {
			isa = PBXProject;
			attributes = {
				LastUpgradeCheck = 0720;
				ORGANIZATIONNAME = Carl;
				TargetAttributes = {
					C3488B131C5A79860035776B = {
						CreatedOnToolsVersion = 7.2;
					};
				};
			};
			buildConfigurationList = C3488B0F1C5A79860035776B /* Build configuration list for PBXProject "QRCode" */;
			compatibilityVersion = "Xcode 3.2";
			developmentRegion = English;
			hasScannedForEncodings = 0;
			knownRegions = (
				en,
				Base,
			);
			mainGroup = C3488B0B1C5A79860035776B;
			productRefGroup = C3488B151C5A79860035776B /* Products */;
			projectDirPath = "";
			projectRoot = "";
			targets = (
				C3488B131C5A79860035776B /* QRCode */,
			);
		};
/* End PBXProject section */

/* Begin PBXResourcesBuildPhase section */
		C3488B121C5A79860035776B /* Resources */ = {
			isa = PBXResourcesBuildPhase;
			buildActionMask = 2147483647;
			files = (
				C3F9E8BC1C7CB80000506E18 /* CHomeViewCollectionViewCell.xib in Resources */,
				C30236441C5CFF6C00684957 /* CLoginViewController.xib in Resources */,
				C3C767A21C5F2A0B00C8B83A /* CLoginViewCell.xib in Resources */,
				C3CA27211C7A215F00E6696E /* CCheckedRecordViewController.xib in Resources */,
				C3CA27251C7A215F00E6696E /* CUnCheckedRecordViewController.xib in Resources */,
				C302364A1C5CFFD000684957 /* CHomeViewController.xib in Resources */,
				C3CA26F91C7A1AA500E6696E /* CBarCodeInventoryViewController.xib in Resources */,
				C3CA27081C7A1AE100E6696E /* CQRCodeInventoryViewController.xib in Resources */,
				C3CA272A1C7A218400E6696E /* CRecordTableViewCell.xib in Resources */,
				C3CA27231C7A215F00E6696E /* CSearchRecordViewController.xib in Resources */,
				C3488B301C5A7BF70035776B /* Configuration.plist in Resources */,
				C3CA27031C7A1ACE00E6696E /* CCustomCodeInventoryViewController.xib in Resources */,
				C3C83B2D1C7D9E3300BE269C /* CStatusView.xib in Resources */,
				C3488B271C5A79860035776B /* LaunchScreen.storyboard in Resources */,
				C3488B241C5A79860035776B /* Assets.xcassets in Resources */,
			);
			runOnlyForDeploymentPostprocessing = 0;
		};
/* End PBXResourcesBuildPhase section */

/* Begin PBXShellScriptBuildPhase section */
		15A278029A20624003B895EA /* Copy Pods Resources */ = {
			isa = PBXShellScriptBuildPhase;
			buildActionMask = 2147483647;
			files = (
			);
			inputPaths = (
			);
			name = "Copy Pods Resources";
			outputPaths = (
			);
			runOnlyForDeploymentPostprocessing = 0;
			shellPath = /bin/sh;
			shellScript = "\"${SRCROOT}/Pods/Target Support Files/Pods/Pods-resources.sh\"\n";
			showEnvVarsInLog = 0;
		};
		3A5742A5B9FD5065E8FFC51A /* Embed Pods Frameworks */ = {
			isa = PBXShellScriptBuildPhase;
			buildActionMask = 2147483647;
			files = (
			);
			inputPaths = (
			);
			name = "Embed Pods Frameworks";
			outputPaths = (
			);
			runOnlyForDeploymentPostprocessing = 0;
			shellPath = /bin/sh;
			shellScript = "\"${SRCROOT}/Pods/Target Support Files/Pods/Pods-frameworks.sh\"\n";
			showEnvVarsInLog = 0;
		};
		6739B2BDE24E98A372A17F80 /* Check Pods Manifest.lock */ = {
			isa = PBXShellScriptBuildPhase;
			buildActionMask = 2147483647;
			files = (
			);
			inputPaths = (
			);
			name = "Check Pods Manifest.lock";
			outputPaths = (
			);
			runOnlyForDeploymentPostprocessing = 0;
			shellPath = /bin/sh;
			shellScript = "diff \"${PODS_ROOT}/../Podfile.lock\" \"${PODS_ROOT}/Manifest.lock\" > /dev/null\nif [[ $? != 0 ]] ; then\n    cat << EOM\nerror: The sandbox is not in sync with the Podfile.lock. Run 'pod install' or update your CocoaPods installation.\nEOM\n    exit 1\nfi\n";
			showEnvVarsInLog = 0;
		};
/* End PBXShellScriptBuildPhase section */

/* Begin PBXSourcesBuildPhase section */
		C3488B101C5A79860035776B /* Sources */ = {
			isa = PBXSourcesBuildPhase;
			buildActionMask = 2147483647;
			files = (
				C3512D511C77797300153C6C /* CListPopoverView.m in Sources */,
				C3CA27201C7A215F00E6696E /* CCheckedRecordViewController.m in Sources */,
				C302364D1C5D026800684957 /* CHeaderView.m in Sources */,
				C3CA26F81C7A1AA500E6696E /* CBarCodeInventoryViewController.m in Sources */,
				C302362B1C5C5D0800684957 /* Configuration.m in Sources */,
				C3104A741C787AFF00115149 /* CSchoolModel.m in Sources */,
				C302362A1C5C5D0800684957 /* CDataSource.m in Sources */,
				C302362C1C5C5D0800684957 /* CPublicModule.m in Sources */,
				C3488B1C1C5A79860035776B /* AppDelegate.m in Sources */,
				C38958E91C7D6EFC00EFB16E /* CStatusView.m in Sources */,
				C302362E1C5C5D0800684957 /* MBProgressHUD+UIView.m in Sources */,
				C30236351C5C643F00684957 /* UIView+AutoLayout.m in Sources */,
				C302363D1C5C670A00684957 /* GTMBase64.m in Sources */,
				C3CA27241C7A215F00E6696E /* CUnCheckedRecordViewController.m in Sources */,
				C302362D1C5C5D0800684957 /* CWebService.m in Sources */,
				C3CA27221C7A215F00E6696E /* CSearchRecordViewController.m in Sources */,
				C3F9E8AD1C7AE10E00506E18 /* CLoginModel.m in Sources */,
				C30236291C5C5D0800684957 /* CDatabaseHelper.m in Sources */,
				C3488B191C5A79860035776B /* main.m in Sources */,
				C3F9E8BB1C7CB80000506E18 /* CHomeViewCollectionViewCell.m in Sources */,
				C30236491C5CFFD000684957 /* CHomeViewController.m in Sources */,
				C30236561C5D147500684957 /* DSNavigationBar.m in Sources */,
				C30236121C5C5C5600684957 /* CBaseViewController.m in Sources */,
				C302362F1C5C5D0800684957 /* NSString+AppPath.m in Sources */,
				C3CA27021C7A1ACE00E6696E /* CCustomCodeInventoryViewController.m in Sources */,
				C3CA27071C7A1AE100E6696E /* CQRCodeInventoryViewController.m in Sources */,
				C30236281C5C5D0800684957 /* CAPIClient.m in Sources */,
				C3B7F95A1C74D2A100F95D8A /* CPopoverView.m in Sources */,
				C3C767A01C5F261900C8B83A /* CLoginViewCell.m in Sources */,
				C3CA27291C7A218400E6696E /* CRecordTableViewCell.m in Sources */,
				C30236431C5CFF6C00684957 /* CLoginViewController.m in Sources */,
			);
			runOnlyForDeploymentPostprocessing = 0;
		};
/* End PBXSourcesBuildPhase section */

/* Begin PBXVariantGroup section */
		C3488B251C5A79860035776B /* LaunchScreen.storyboard */ = {
			isa = PBXVariantGroup;
			children = (
				C3488B261C5A79860035776B /* Base */,
			);
			name = LaunchScreen.storyboard;
			sourceTree = "<group>";
		};
/* End PBXVariantGroup section */

/* Begin XCBuildConfiguration section */
		C3488B291C5A79860035776B /* Debug */ = {
			isa = XCBuildConfiguration;
			buildSettings = {
				ALWAYS_SEARCH_USER_PATHS = NO;
				CLANG_CXX_LANGUAGE_STANDARD = "gnu++0x";
				CLANG_CXX_LIBRARY = "libc++";
				CLANG_ENABLE_MODULES = YES;
				CLANG_ENABLE_OBJC_ARC = YES;
				CLANG_WARN_BOOL_CONVERSION = YES;
				CLANG_WARN_CONSTANT_CONVERSION = YES;
				CLANG_WARN_DIRECT_OBJC_ISA_USAGE = YES_ERROR;
				CLANG_WARN_EMPTY_BODY = YES;
				CLANG_WARN_ENUM_CONVERSION = YES;
				CLANG_WARN_INT_CONVERSION = YES;
				CLANG_WARN_OBJC_ROOT_CLASS = YES_ERROR;
				CLANG_WARN_UNREACHABLE_CODE = YES;
				CLANG_WARN__DUPLICATE_METHOD_MATCH = YES;
				"CODE_SIGN_IDENTITY[sdk=iphoneos*]" = "iPhone Developer";
				COPY_PHASE_STRIP = NO;
				DEBUG_INFORMATION_FORMAT = dwarf;
				ENABLE_STRICT_OBJC_MSGSEND = YES;
				ENABLE_TESTABILITY = YES;
				GCC_C_LANGUAGE_STANDARD = gnu99;
				GCC_DYNAMIC_NO_PIC = NO;
				GCC_NO_COMMON_BLOCKS = YES;
				GCC_OPTIMIZATION_LEVEL = 0;
				GCC_PREPROCESSOR_DEFINITIONS = (
					"DEBUG=1",
					"$(inherited)",
				);
				GCC_WARN_64_TO_32_BIT_CONVERSION = YES;
				GCC_WARN_ABOUT_RETURN_TYPE = YES_ERROR;
				GCC_WARN_UNDECLARED_SELECTOR = YES;
				GCC_WARN_UNINITIALIZED_AUTOS = YES_AGGRESSIVE;
				GCC_WARN_UNUSED_FUNCTION = YES;
				GCC_WARN_UNUSED_VARIABLE = YES;
				IPHONEOS_DEPLOYMENT_TARGET = 9.2;
				MTL_ENABLE_DEBUG_INFO = YES;
				ONLY_ACTIVE_ARCH = YES;
				SDKROOT = iphoneos;
			};
			name = Debug;
		};
		C3488B2A1C5A79860035776B /* Release */ = {
			isa = XCBuildConfiguration;
			buildSettings = {
				ALWAYS_SEARCH_USER_PATHS = NO;
				CLANG_CXX_LANGUAGE_STANDARD = "gnu++0x";
				CLANG_CXX_LIBRARY = "libc++";
				CLANG_ENABLE_MODULES = YES;
				CLANG_ENABLE_OBJC_ARC = YES;
				CLANG_WARN_BOOL_CONVERSION = YES;
				CLANG_WARN_CONSTANT_CONVERSION = YES;
				CLANG_WARN_DIRECT_OBJC_ISA_USAGE = YES_ERROR;
				CLANG_WARN_EMPTY_BODY = YES;
				CLANG_WARN_ENUM_CONVERSION = YES;
				CLANG_WARN_INT_CONVERSION = YES;
				CLANG_WARN_OBJC_ROOT_CLASS = YES_ERROR;
				CLANG_WARN_UNREACHABLE_CODE = YES;
				CLANG_WARN__DUPLICATE_METHOD_MATCH = YES;
				"CODE_SIGN_IDENTITY[sdk=iphoneos*]" = "iPhone Developer";
				COPY_PHASE_STRIP = NO;
				DEBUG_INFORMATION_FORMAT = "dwarf-with-dsym";
				ENABLE_NS_ASSERTIONS = NO;
				ENABLE_STRICT_OBJC_MSGSEND = YES;
				GCC_C_LANGUAGE_STANDARD = gnu99;
				GCC_NO_COMMON_BLOCKS = YES;
				GCC_WARN_64_TO_32_BIT_CONVERSION = YES;
				GCC_WARN_ABOUT_RETURN_TYPE = YES_ERROR;
				GCC_WARN_UNDECLARED_SELECTOR = YES;
				GCC_WARN_UNINITIALIZED_AUTOS = YES_AGGRESSIVE;
				GCC_WARN_UNUSED_FUNCTION = YES;
				GCC_WARN_UNUSED_VARIABLE = YES;
				IPHONEOS_DEPLOYMENT_TARGET = 9.2;
				MTL_ENABLE_DEBUG_INFO = NO;
				SDKROOT = iphoneos;
				VALIDATE_PRODUCT = YES;
			};
			name = Release;
		};
		C3488B2C1C5A79860035776B /* Debug */ = {
			isa = XCBuildConfiguration;
			baseConfigurationReference = F21582C66C4A32303EB79BE6 /* Pods.debug.xcconfig */;
			buildSettings = {
				ASSETCATALOG_COMPILER_APPICON_NAME = AppIcon;
				ASSETCATALOG_COMPILER_LAUNCHIMAGE_NAME = "Brand Assets";
				GCC_PREFIX_HEADER = "$(SRCROOT)/QRCode/QRCode-Prefix.pch";
				INFOPLIST_FILE = QRCode/Info.plist;
				IPHONEOS_DEPLOYMENT_TARGET = 7.0;
				LD_RUNPATH_SEARCH_PATHS = "$(inherited) @executable_path/Frameworks";
				PRODUCT_BUNDLE_IDENTIFIER = com.logicsolutions.QRCode;
				PRODUCT_NAME = "$(TARGET_NAME)";
			};
			name = Debug;
		};
		C3488B2D1C5A79860035776B /* Release */ = {
			isa = XCBuildConfiguration;
			baseConfigurationReference = 924353E11A146405C452E6C8 /* Pods.release.xcconfig */;
			buildSettings = {
				ASSETCATALOG_COMPILER_APPICON_NAME = AppIcon;
				ASSETCATALOG_COMPILER_LAUNCHIMAGE_NAME = "Brand Assets";
				GCC_PREFIX_HEADER = "$(SRCROOT)/QRCode/QRCode-Prefix.pch";
				INFOPLIST_FILE = QRCode/Info.plist;
				IPHONEOS_DEPLOYMENT_TARGET = 7.0;
				LD_RUNPATH_SEARCH_PATHS = "$(inherited) @executable_path/Frameworks";
				PRODUCT_BUNDLE_IDENTIFIER = com.logicsolutions.QRCode;
				PRODUCT_NAME = "$(TARGET_NAME)";
			};
			name = Release;
		};
/* End XCBuildConfiguration section */

/* Begin XCConfigurationList section */
		C3488B0F1C5A79860035776B /* Build configuration list for PBXProject "QRCode" */ = {
			isa = XCConfigurationList;
			buildConfigurations = (
				C3488B291C5A79860035776B /* Debug */,
				C3488B2A1C5A79860035776B /* Release */,
			);
			defaultConfigurationIsVisible = 0;
			defaultConfigurationName = Release;
		};
		C3488B2B1C5A79860035776B /* Build configuration list for PBXNativeTarget "QRCode" */ = {
			isa = XCConfigurationList;
			buildConfigurations = (
				C3488B2C1C5A79860035776B /* Debug */,
				C3488B2D1C5A79860035776B /* Release */,
			);
			defaultConfigurationIsVisible = 0;
			defaultConfigurationName = Release;
		};
/* End XCConfigurationList section */
	};
	rootObject = C3488B0C1C5A79860035776B /* Project object */;
}
